// !$*UTF8*$!
{
	archiveVersion = 1;
	classes = {
	};
	objectVersion = 56;
	objects = {

/* Begin PBXBuildFile section */
		2538235A2C7BDD0F0022DBDD /* SceneViewController.swift in Sources */ = {isa = PBXBuildFile; fileRef = 253823592C7BDD0F0022DBDD /* SceneViewController.swift */; };
		2538235D2C7CD6680022DBDD /* Page.swift in Sources */ = {isa = PBXBuildFile; fileRef = 2538235C2C7CD6680022DBDD /* Page.swift */; };
		2538235F2C7CD6970022DBDD /* ContentType.swift in Sources */ = {isa = PBXBuildFile; fileRef = 2538235E2C7CD6970022DBDD /* ContentType.swift */; };
		256614012C3DBE1F00454551 /* AppDelegate.swift in Sources */ = {isa = PBXBuildFile; fileRef = 256614002C3DBE1F00454551 /* AppDelegate.swift */; };
		256614032C3DBE1F00454551 /* art.scnassets in Resources */ = {isa = PBXBuildFile; fileRef = 256614022C3DBE1F00454551 /* art.scnassets */; };
		256614082C3DBE1F00454551 /* Base in Resources */ = {isa = PBXBuildFile; fileRef = 256614072C3DBE1F00454551 /* Base */; };
		2566140A2C3DBE2000454551 /* Assets.xcassets in Resources */ = {isa = PBXBuildFile; fileRef = 256614092C3DBE2000454551 /* Assets.xcassets */; };
		2566140D2C3DBE2000454551 /* Base in Resources */ = {isa = PBXBuildFile; fileRef = 2566140C2C3DBE2000454551 /* Base */; };
		2586BA7A2CA17981006DEC95 /* BookPlus.swift in Sources */ = {isa = PBXBuildFile; fileRef = 2586BA792CA1797B006DEC95 /* BookPlus.swift */; };
		2586BA7D2CA17E13006DEC95 /* StringUtils.swift in Sources */ = {isa = PBXBuildFile; fileRef = 2586BA7B2CA17E13006DEC95 /* StringUtils.swift */; };
		2592435F2C7BDADD0051212F /* AddPageViewController.swift in Sources */ = {isa = PBXBuildFile; fileRef = 2592435E2C7BDADD0051212F /* AddPageViewController.swift */; };
		259243622C7BDB330051212F /* ListPagesViewController.swift in Sources */ = {isa = PBXBuildFile; fileRef = 259243612C7BDB330051212F /* ListPagesViewController.swift */; };
		259243642C7BDB460051212F /* PageDetailViewController.swift in Sources */ = {isa = PBXBuildFile; fileRef = 259243632C7BDB460051212F /* PageDetailViewController.swift */; };
/* End PBXBuildFile section */

/* Begin PBXFileReference section */
		253823592C7BDD0F0022DBDD /* SceneViewController.swift */ = {isa = PBXFileReference; lastKnownFileType = sourcecode.swift; path = SceneViewController.swift; sourceTree = "<group>"; };
		2538235C2C7CD6680022DBDD /* Page.swift */ = {isa = PBXFileReference; lastKnownFileType = sourcecode.swift; path = Page.swift; sourceTree = "<group>"; };
		2538235E2C7CD6970022DBDD /* ContentType.swift */ = {isa = PBXFileReference; lastKnownFileType = sourcecode.swift; path = ContentType.swift; sourceTree = "<group>"; };
		256613FD2C3DBE1F00454551 /* BookPlus.app */ = {isa = PBXFileReference; explicitFileType = wrapper.application; includeInIndex = 0; path = BookPlus.app; sourceTree = BUILT_PRODUCTS_DIR; };
		256614002C3DBE1F00454551 /* AppDelegate.swift */ = {isa = PBXFileReference; lastKnownFileType = sourcecode.swift; path = AppDelegate.swift; sourceTree = "<group>"; };
		256614022C3DBE1F00454551 /* art.scnassets */ = {isa = PBXFileReference; lastKnownFileType = wrapper.scnassets; path = art.scnassets; sourceTree = "<group>"; };
		256614072C3DBE1F00454551 /* Base */ = {isa = PBXFileReference; lastKnownFileType = file.storyboard; name = Base; path = Base.lproj/Main.storyboard; sourceTree = "<group>"; };
		256614092C3DBE2000454551 /* Assets.xcassets */ = {isa = PBXFileReference; lastKnownFileType = folder.assetcatalog; path = Assets.xcassets; sourceTree = "<group>"; };
		2566140C2C3DBE2000454551 /* Base */ = {isa = PBXFileReference; lastKnownFileType = file.storyboard; name = Base; path = Base.lproj/LaunchScreen.storyboard; sourceTree = "<group>"; };
		2586BA792CA1797B006DEC95 /* BookPlus.swift */ = {isa = PBXFileReference; lastKnownFileType = sourcecode.swift; path = BookPlus.swift; sourceTree = "<group>"; };
		2586BA7B2CA17E13006DEC95 /* StringUtils.swift */ = {isa = PBXFileReference; lastKnownFileType = sourcecode.swift; path = StringUtils.swift; sourceTree = "<group>"; };
		2592435E2C7BDADD0051212F /* AddPageViewController.swift */ = {isa = PBXFileReference; lastKnownFileType = sourcecode.swift; path = AddPageViewController.swift; sourceTree = "<group>"; };
		259243612C7BDB330051212F /* ListPagesViewController.swift */ = {isa = PBXFileReference; lastKnownFileType = sourcecode.swift; path = ListPagesViewController.swift; sourceTree = "<group>"; };
		259243632C7BDB460051212F /* PageDetailViewController.swift */ = {isa = PBXFileReference; lastKnownFileType = sourcecode.swift; path = PageDetailViewController.swift; sourceTree = "<group>"; };
/* End PBXFileReference section */

/* Begin PBXFrameworksBuildPhase section */
		256613FA2C3DBE1F00454551 /* Frameworks */ = {
			isa = PBXFrameworksBuildPhase;
			buildActionMask = 2147483647;
			files = (
			);
			runOnlyForDeploymentPostprocessing = 0;
		};
/* End PBXFrameworksBuildPhase section */

/* Begin PBXGroup section */
		2538235B2C7CD6530022DBDD /* Domain */ = {
			isa = PBXGroup;
			children = (
				2538235C2C7CD6680022DBDD /* Page.swift */,
				2538235E2C7CD6970022DBDD /* ContentType.swift */,
			);
			path = Domain;
			sourceTree = "<group>";
		};
		256613F42C3DBE1F00454551 = {
			isa = PBXGroup;
			children = (
				256613FF2C3DBE1F00454551 /* BookPlus */,
				256613FE2C3DBE1F00454551 /* Products */,
			);
			sourceTree = "<group>";
		};
		256613FE2C3DBE1F00454551 /* Products */ = {
			isa = PBXGroup;
			children = (
				256613FD2C3DBE1F00454551 /* BookPlus.app */,
			);
			name = Products;
			sourceTree = "<group>";
		};
		256613FF2C3DBE1F00454551 /* BookPlus */ = {
			isa = PBXGroup;
			children = (
				2586BA782CA17970006DEC95 /* Lib */,
				2586BA7C2CA17E13006DEC95 /* Util */,
				2538235B2C7CD6530022DBDD /* Domain */,
				259243602C7BDB030051212F /* ViewControllers */,
				256614002C3DBE1F00454551 /* AppDelegate.swift */,
				256614022C3DBE1F00454551 /* art.scnassets */,
				256614062C3DBE1F00454551 /* Main.storyboard */,
				256614092C3DBE2000454551 /* Assets.xcassets */,
				2566140B2C3DBE2000454551 /* LaunchScreen.storyboard */,
			);
			path = BookPlus;
			sourceTree = "<group>";
		};
		2586BA782CA17970006DEC95 /* Lib */ = {
			isa = PBXGroup;
			children = (
				2586BA792CA1797B006DEC95 /* BookPlus.swift */,
			);
			path = Lib;
			sourceTree = "<group>";
		};
		2586BA7C2CA17E13006DEC95 /* Util */ = {
			isa = PBXGroup;
			children = (
				2586BA7B2CA17E13006DEC95 /* StringUtils.swift */,
			);
			path = Util;
			sourceTree = "<group>";
		};
		259243602C7BDB030051212F /* ViewControllers */ = {
			isa = PBXGroup;
			children = (
				259243612C7BDB330051212F /* ListPagesViewController.swift */,
				2592435E2C7BDADD0051212F /* AddPageViewController.swift */,
				259243632C7BDB460051212F /* PageDetailViewController.swift */,
				253823592C7BDD0F0022DBDD /* SceneViewController.swift */,
			);
			path = ViewControllers;
			sourceTree = "<group>";
		};
/* End PBXGroup section */

/* Begin PBXNativeTarget section */
		256613FC2C3DBE1F00454551 /* BookPlus */ = {
			isa = PBXNativeTarget;
			buildConfigurationList = 256614102C3DBE2000454551 /* Build configuration list for PBXNativeTarget "BookPlus" */;
			buildPhases = (
				256613F92C3DBE1F00454551 /* Sources */,
				256613FA2C3DBE1F00454551 /* Frameworks */,
				256613FB2C3DBE1F00454551 /* Resources */,
			);
			buildRules = (
			);
			dependencies = (
			);
			name = BookPlus;
			productName = BookPlus;
			productReference = 256613FD2C3DBE1F00454551 /* BookPlus.app */;
			productType = "com.apple.product-type.application";
		};
/* End PBXNativeTarget section */

/* Begin PBXProject section */
		256613F52C3DBE1F00454551 /* Project object */ = {
			isa = PBXProject;
			attributes = {
				BuildIndependentTargetsInParallel = 1;
				LastSwiftUpdateCheck = 1540;
				LastUpgradeCheck = 1540;
				TargetAttributes = {
					256613FC2C3DBE1F00454551 = {
						CreatedOnToolsVersion = 15.4;
					};
				};
			};
			buildConfigurationList = 256613F82C3DBE1F00454551 /* Build configuration list for PBXProject "BookPlus" */;
			compatibilityVersion = "Xcode 14.0";
			developmentRegion = en;
			hasScannedForEncodings = 0;
			knownRegions = (
				en,
				Base,
			);
			mainGroup = 256613F42C3DBE1F00454551;
			productRefGroup = 256613FE2C3DBE1F00454551 /* Products */;
			projectDirPath = "";
			projectRoot = "";
			targets = (
				256613FC2C3DBE1F00454551 /* BookPlus */,
			);
		};
/* End PBXProject section */

/* Begin PBXResourcesBuildPhase section */
		256613FB2C3DBE1F00454551 /* Resources */ = {
			isa = PBXResourcesBuildPhase;
			buildActionMask = 2147483647;
			files = (
				256614032C3DBE1F00454551 /* art.scnassets in Resources */,
				2566140A2C3DBE2000454551 /* Assets.xcassets in Resources */,
				256614082C3DBE1F00454551 /* Base in Resources */,
				2566140D2C3DBE2000454551 /* Base in Resources */,
			);
			runOnlyForDeploymentPostprocessing = 0;
		};
/* End PBXResourcesBuildPhase section */

/* Begin PBXSourcesBuildPhase section */
		256613F92C3DBE1F00454551 /* Sources */ = {
			isa = PBXSourcesBuildPhase;
			buildActionMask = 2147483647;
			files = (
				2586BA7D2CA17E13006DEC95 /* StringUtils.swift in Sources */,
				2592435F2C7BDADD0051212F /* AddPageViewController.swift in Sources */,
				256614012C3DBE1F00454551 /* AppDelegate.swift in Sources */,
				2538235D2C7CD6680022DBDD /* Page.swift in Sources */,
				2538235A2C7BDD0F0022DBDD /* SceneViewController.swift in Sources */,
				2538235F2C7CD6970022DBDD /* ContentType.swift in Sources */,
				259243642C7BDB460051212F /* PageDetailViewController.swift in Sources */,
				2586BA7A2CA17981006DEC95 /* BookPlus.swift in Sources */,
				259243622C7BDB330051212F /* ListPagesViewController.swift in Sources */,
			);
			runOnlyForDeploymentPostprocessing = 0;
		};
/* End PBXSourcesBuildPhase section */

/* Begin PBXVariantGroup section */
		256614062C3DBE1F00454551 /* Main.storyboard */ = {
			isa = PBXVariantGroup;
			children = (
				256614072C3DBE1F00454551 /* Base */,
			);
			name = Main.storyboard;
			sourceTree = "<group>";
		};
		2566140B2C3DBE2000454551 /* LaunchScreen.storyboard */ = {
			isa = PBXVariantGroup;
			children = (
				2566140C2C3DBE2000454551 /* Base */,
			);
			name = LaunchScreen.storyboard;
			sourceTree = "<group>";
		};
/* End PBXVariantGroup section */

/* Begin XCBuildConfiguration section */
		2566140E2C3DBE2000454551 /* Debug */ = {
			isa = XCBuildConfiguration;
			buildSettings = {
				ALWAYS_SEARCH_USER_PATHS = NO;
				ASSETCATALOG_COMPILER_GENERATE_SWIFT_ASSET_SYMBOL_EXTENSIONS = YES;
				CLANG_ANALYZER_NONNULL = YES;
				CLANG_ANALYZER_NUMBER_OBJECT_CONVERSION = YES_AGGRESSIVE;
				CLANG_CXX_LANGUAGE_STANDARD = "gnu++20";
				CLANG_ENABLE_MODULES = YES;
				CLANG_ENABLE_OBJC_ARC = YES;
				CLANG_ENABLE_OBJC_WEAK = YES;
				CLANG_WARN_BLOCK_CAPTURE_AUTORELEASING = YES;
				CLANG_WARN_BOOL_CONVERSION = YES;
				CLANG_WARN_COMMA = YES;
				CLANG_WARN_CONSTANT_CONVERSION = YES;
				CLANG_WARN_DEPRECATED_OBJC_IMPLEMENTATIONS = YES;
				CLANG_WARN_DIRECT_OBJC_ISA_USAGE = YES_ERROR;
				CLANG_WARN_DOCUMENTATION_COMMENTS = YES;
				CLANG_WARN_EMPTY_BODY = YES;
				CLANG_WARN_ENUM_CONVERSION = YES;
				CLANG_WARN_INFINITE_RECURSION = YES;
				CLANG_WARN_INT_CONVERSION = YES;
				CLANG_WARN_NON_LITERAL_NULL_CONVERSION = YES;
				CLANG_WARN_OBJC_IMPLICIT_RETAIN_SELF = YES;
				CLANG_WARN_OBJC_LITERAL_CONVERSION = YES;
				CLANG_WARN_OBJC_ROOT_CLASS = YES_ERROR;
				CLANG_WARN_QUOTED_INCLUDE_IN_FRAMEWORK_HEADER = YES;
				CLANG_WARN_RANGE_LOOP_ANALYSIS = YES;
				CLANG_WARN_STRICT_PROTOTYPES = YES;
				CLANG_WARN_SUSPICIOUS_MOVE = YES;
				CLANG_WARN_UNGUARDED_AVAILABILITY = YES_AGGRESSIVE;
				CLANG_WARN_UNREACHABLE_CODE = YES;
				CLANG_WARN__DUPLICATE_METHOD_MATCH = YES;
				COPY_PHASE_STRIP = NO;
				DEBUG_INFORMATION_FORMAT = dwarf;
				ENABLE_STRICT_OBJC_MSGSEND = YES;
				ENABLE_TESTABILITY = YES;
				ENABLE_USER_SCRIPT_SANDBOXING = YES;
				GCC_C_LANGUAGE_STANDARD = gnu17;
				GCC_DYNAMIC_NO_PIC = NO;
				GCC_NO_COMMON_BLOCKS = YES;
				GCC_OPTIMIZATION_LEVEL = 0;
				GCC_PREPROCESSOR_DEFINITIONS = (
					"DEBUG=1",
					"$(inherited)",
				);
				GCC_WARN_64_TO_32_BIT_CONVERSION = YES;
				GCC_WARN_ABOUT_RETURN_TYPE = YES_ERROR;
				GCC_WARN_UNDECLARED_SELECTOR = YES;
				GCC_WARN_UNINITIALIZED_AUTOS = YES_AGGRESSIVE;
				GCC_WARN_UNUSED_FUNCTION = YES;
				GCC_WARN_UNUSED_VARIABLE = YES;
				IPHONEOS_DEPLOYMENT_TARGET = 17.5;
				LOCALIZATION_PREFERS_STRING_CATALOGS = YES;
				MTL_ENABLE_DEBUG_INFO = INCLUDE_SOURCE;
				MTL_FAST_MATH = YES;
				ONLY_ACTIVE_ARCH = YES;
				SDKROOT = iphoneos;
				SWIFT_ACTIVE_COMPILATION_CONDITIONS = "DEBUG $(inherited)";
				SWIFT_OPTIMIZATION_LEVEL = "-Onone";
			};
			name = Debug;
		};
		2566140F2C3DBE2000454551 /* Release */ = {
			isa = XCBuildConfiguration;
			buildSettings = {
				ALWAYS_SEARCH_USER_PATHS = NO;
				ASSETCATALOG_COMPILER_GENERATE_SWIFT_ASSET_SYMBOL_EXTENSIONS = YES;
				CLANG_ANALYZER_NONNULL = YES;
				CLANG_ANALYZER_NUMBER_OBJECT_CONVERSION = YES_AGGRESSIVE;
				CLANG_CXX_LANGUAGE_STANDARD = "gnu++20";
				CLANG_ENABLE_MODULES = YES;
				CLANG_ENABLE_OBJC_ARC = YES;
				CLANG_ENABLE_OBJC_WEAK = YES;
				CLANG_WARN_BLOCK_CAPTURE_AUTORELEASING = YES;
				CLANG_WARN_BOOL_CONVERSION = YES;
				CLANG_WARN_COMMA = YES;
				CLANG_WARN_CONSTANT_CONVERSION = YES;
				CLANG_WARN_DEPRECATED_OBJC_IMPLEMENTATIONS = YES;
				CLANG_WARN_DIRECT_OBJC_ISA_USAGE = YES_ERROR;
				CLANG_WARN_DOCUMENTATION_COMMENTS = YES;
				CLANG_WARN_EMPTY_BODY = YES;
				CLANG_WARN_ENUM_CONVERSION = YES;
				CLANG_WARN_INFINITE_RECURSION = YES;
				CLANG_WARN_INT_CONVERSION = YES;
				CLANG_WARN_NON_LITERAL_NULL_CONVERSION = YES;
				CLANG_WARN_OBJC_IMPLICIT_RETAIN_SELF = YES;
				CLANG_WARN_OBJC_LITERAL_CONVERSION = YES;
				CLANG_WARN_OBJC_ROOT_CLASS = YES_ERROR;
				CLANG_WARN_QUOTED_INCLUDE_IN_FRAMEWORK_HEADER = YES;
				CLANG_WARN_RANGE_LOOP_ANALYSIS = YES;
				CLANG_WARN_STRICT_PROTOTYPES = YES;
				CLANG_WARN_SUSPICIOUS_MOVE = YES;
				CLANG_WARN_UNGUARDED_AVAILABILITY = YES_AGGRESSIVE;
				CLANG_WARN_UNREACHABLE_CODE = YES;
				CLANG_WARN__DUPLICATE_METHOD_MATCH = YES;
				COPY_PHASE_STRIP = NO;
				DEBUG_INFORMATION_FORMAT = "dwarf-with-dsym";
				ENABLE_NS_ASSERTIONS = NO;
				ENABLE_STRICT_OBJC_MSGSEND = YES;
				ENABLE_USER_SCRIPT_SANDBOXING = YES;
				GCC_C_LANGUAGE_STANDARD = gnu17;
				GCC_NO_COMMON_BLOCKS = YES;
				GCC_WARN_64_TO_32_BIT_CONVERSION = YES;
				GCC_WARN_ABOUT_RETURN_TYPE = YES_ERROR;
				GCC_WARN_UNDECLARED_SELECTOR = YES;
				GCC_WARN_UNINITIALIZED_AUTOS = YES_AGGRESSIVE;
				GCC_WARN_UNUSED_FUNCTION = YES;
				GCC_WARN_UNUSED_VARIABLE = YES;
				IPHONEOS_DEPLOYMENT_TARGET = 17.5;
				LOCALIZATION_PREFERS_STRING_CATALOGS = YES;
				MTL_ENABLE_DEBUG_INFO = NO;
				MTL_FAST_MATH = YES;
				SDKROOT = iphoneos;
				SWIFT_COMPILATION_MODE = wholemodule;
				VALIDATE_PRODUCT = YES;
			};
			name = Release;
		};
		256614112C3DBE2000454551 /* Debug */ = {
			isa = XCBuildConfiguration;
			buildSettings = {
				ASSETCATALOG_COMPILER_APPICON_NAME = AppIcon;
				ASSETCATALOG_COMPILER_GLOBAL_ACCENT_COLOR_NAME = AccentColor;
				CODE_SIGN_STYLE = Automatic;
				CURRENT_PROJECT_VERSION = 1;
				DEVELOPMENT_TEAM = NQFXCN9D8J;
				GENERATE_INFOPLIST_FILE = YES;
				INFOPLIST_KEY_NSCameraUsageDescription = "";
				INFOPLIST_KEY_UIApplicationSupportsIndirectInputEvents = YES;
				INFOPLIST_KEY_UILaunchStoryboardName = LaunchScreen;
				INFOPLIST_KEY_UIMainStoryboardFile = Main;
				INFOPLIST_KEY_UIRequiredDeviceCapabilities = arkit;
				INFOPLIST_KEY_UIStatusBarHidden = YES;
				INFOPLIST_KEY_UISupportedInterfaceOrientations_iPad = "UIInterfaceOrientationPortrait UIInterfaceOrientationPortraitUpsideDown UIInterfaceOrientationLandscapeLeft UIInterfaceOrientationLandscapeRight";
				INFOPLIST_KEY_UISupportedInterfaceOrientations_iPhone = "UIInterfaceOrientationPortrait UIInterfaceOrientationLandscapeLeft UIInterfaceOrientationLandscapeRight";
				LD_RUNPATH_SEARCH_PATHS = (
					"$(inherited)",
					"@executable_path/Frameworks",
				);
				MARKETING_VERSION = 1.0;
				PRODUCT_BUNDLE_IDENTIFIER = dev.argsoft.BookPlus;
				PRODUCT_NAME = "$(TARGET_NAME)";
				SWIFT_EMIT_LOC_STRINGS = YES;
				SWIFT_VERSION = 5.0;
				TARGETED_DEVICE_FAMILY = "1,2";
			};
			name = Debug;
		};
		256614122C3DBE2000454551 /* Release */ = {
			isa = XCBuildConfiguration;
			buildSettings = {
				ASSETCATALOG_COMPILER_APPICON_NAME = AppIcon;
				ASSETCATALOG_COMPILER_GLOBAL_ACCENT_COLOR_NAME = AccentColor;
				CODE_SIGN_STYLE = Automatic;
				CURRENT_PROJECT_VERSION = 1;
				DEVELOPMENT_TEAM = NQFXCN9D8J;
				GENERATE_INFOPLIST_FILE = YES;
				INFOPLIST_KEY_NSCameraUsageDescription = "";
				INFOPLIST_KEY_UIApplicationSupportsIndirectInputEvents = YES;
				INFOPLIST_KEY_UILaunchStoryboardName = LaunchScreen;
				INFOPLIST_KEY_UIMainStoryboardFile = Main;
				INFOPLIST_KEY_UIRequiredDeviceCapabilities = arkit;
				INFOPLIST_KEY_UIStatusBarHidden = YES;
				INFOPLIST_KEY_UISupportedInterfaceOrientations_iPad = "UIInterfaceOrientationPortrait UIInterfaceOrientationPortraitUpsideDown UIInterfaceOrientationLandscapeLeft UIInterfaceOrientationLandscapeRight";
				INFOPLIST_KEY_UISupportedInterfaceOrientations_iPhone = "UIInterfaceOrientationPortrait UIInterfaceOrientationLandscapeLeft UIInterfaceOrientationLandscapeRight";
				LD_RUNPATH_SEARCH_PATHS = (
					"$(inherited)",
					"@executable_path/Frameworks",
				);
				MARKETING_VERSION = 1.0;
				PRODUCT_BUNDLE_IDENTIFIER = dev.argsoft.BookPlus;
				PRODUCT_NAME = "$(TARGET_NAME)";
				SWIFT_EMIT_LOC_STRINGS = YES;
				SWIFT_VERSION = 5.0;
				TARGETED_DEVICE_FAMILY = "1,2";
			};
			name = Release;
		};
/* End XCBuildConfiguration section */

/* Begin XCConfigurationList section */
		256613F82C3DBE1F00454551 /* Build configuration list for PBXProject "BookPlus" */ = {
			isa = XCConfigurationList;
			buildConfigurations = (
				2566140E2C3DBE2000454551 /* Debug */,
				2566140F2C3DBE2000454551 /* Release */,
			);
			defaultConfigurationIsVisible = 0;
			defaultConfigurationName = Release;
		};
		256614102C3DBE2000454551 /* Build configuration list for PBXNativeTarget "BookPlus" */ = {
			isa = XCConfigurationList;
			buildConfigurations = (
				256614112C3DBE2000454551 /* Debug */,
				256614122C3DBE2000454551 /* Release */,
			);
			defaultConfigurationIsVisible = 0;
			defaultConfigurationName = Release;
		};
/* End XCConfigurationList section */
	};
	rootObject = 256613F52C3DBE1F00454551 /* Project object */;
}
